
Microsoft Visual Studio Solution File, Format Version 12.00
# Visual Studio Version 16
VisualStudioVersion = 16.0.29613.14
MinimumVisualStudioVersion = 10.0.40219.1
Project("{9A19103F-16F7-4668-BE54-9A1E7A4F7556}") = "ZL.WorflowCoreDemo", "ZL.WorflowCoreDemo\ZL.WorflowCoreDemo.csproj", "{FE4F66DC-970A-434A-AD5E-4734E857D61E}"
EndProject
Project("{9A19103F-16F7-4668-BE54-9A1E7A4F7556}") = "ZL.WorkflowCoreDemo.UserWorkflow", "ZL.WorkflowCoreDemo.UserWorkflow\ZL.WorkflowCoreDemo.UserWorkflow.csproj", "{E8460852-F519-406C-BF95-8D657F022D4A}"
EndProject
Project("{FAE04EC0-301F-11D3-BF4B-00C04F79EFBC}") = "ZL.WorkflowCoreDemo.Json", "ZL.WorkflowCoreDemo.Json\ZL.WorkflowCoreDemo.Json.csproj", "{465FA263-B2D3-40C1-ACD2-75CC0CFFDAFE}"
EndProject
Global
	GlobalSection(SolutionConfigurationPlatforms) = preSolution
		Debug|Any CPU = Debug|Any CPU
		Release|Any CPU = Release|Any CPU
	EndGlobalSection
	GlobalSection(ProjectConfigurationPlatforms) = postSolution
		{FE4F66DC-970A-434A-AD5E-4734E857D61E}.Debug|Any CPU.ActiveCfg = Debug|Any CPU
		{FE4F66DC-970A-434A-AD5E-4734E857D61E}.Debug|Any CPU.Build.0 = Debug|Any CPU
		{FE4F66DC-970A-434A-AD5E-4734E857D61E}.Release|Any CPU.ActiveCfg = Release|Any CPU
		{FE4F66DC-970A-434A-AD5E-4734E857D61E}.Release|Any CPU.Build.0 = Release|Any CPU
		{E8460852-F519-406C-BF95-8D657F022D4A}.Debug|Any CPU.ActiveCfg = Debug|Any CPU
		{E8460852-F519-406C-BF95-8D657F022D4A}.Debug|Any CPU.Build.0 = Debug|Any CPU
		{E8460852-F519-406C-BF95-8D657F022D4A}.Release|Any CPU.ActiveCfg = Release|Any CPU
		{E8460852-F519-406C-BF95-8D657F022D4A}.Release|Any CPU.Build.0 = Release|Any CPU
		{465FA263-B2D3-40C1-ACD2-75CC0CFFDAFE}.Debug|Any CPU.ActiveCfg = Debug|Any CPU
		{465FA263-B2D3-40C1-ACD2-75CC0CFFDAFE}.Debug|Any CPU.Build.0 = Debug|Any CPU
		{465FA263-B2D3-40C1-ACD2-75CC0CFFDAFE}.Release|Any CPU.ActiveCfg = Release|Any CPU
		{465FA263-B2D3-40C1-ACD2-75CC0CFFDAFE}.Release|Any CPU.Build.0 = Release|Any CPU
	EndGlobalSection
	GlobalSection(SolutionProperties) = preSolution
		HideSolutionNode = FALSE
	EndGlobalSection
	GlobalSection(ExtensibilityGlobals) = postSolution
		SolutionGuid = {7514C53F-A924-4D13-A574-458C2088C2F3}
	EndGlobalSection
EndGlobal
